
Microsoft Visual Studio Solution File, Format Version 12.00
# Visual Studio Version 17
VisualStudioVersion = 17.9.34622.214
MinimumVisualStudioVersion = 10.0.40219.1
Project("{FAE04EC0-301F-11D3-BF4B-00C04F79EFBC}") = "Tema_2_Valachi", "Tema_2_Valachi\Tema_2_Valachi.csproj", "{463217B0-8BE9-4671-BE6C-21E7A0C3AE32}"
EndProject
Global
	GlobalSection(SolutionConfigurationPlatforms) = preSolution
		Debug|Any CPU = Debug|Any CPU
		Release|Any CPU = Release|Any CPU
	EndGlobalSection
	GlobalSection(ProjectConfigurationPlatforms) = postSolution
		{463217B0-8BE9-4671-BE6C-21E7A0C3AE32}.Debug|Any CPU.ActiveCfg = Debug|Any CPU
		{463217B0-8BE9-4671-BE6C-21E7A0C3AE32}.Debug|Any CPU.Build.0 = Debug|Any CPU
		{463217B0-8BE9-4671-BE6C-21E7A0C3AE32}.Release|Any CPU.ActiveCfg = Release|Any CPU
		{463217B0-8BE9-4671-BE6C-21E7A0C3AE32}.Release|Any CPU.Build.0 = Release|Any CPU
	EndGlobalSection
	GlobalSection(SolutionProperties) = preSolution
		HideSolutionNode = FALSE
	EndGlobalSection
	GlobalSection(ExtensibilityGlobals) = postSolution
		SolutionGuid = {F0446AA8-6B90-4AF7-A5B3-60B3BF6083DA}
	EndGlobalSection
EndGlobal
