
Microsoft Visual Studio Solution File, Format Version 12.00
# Visual Studio Version 17
VisualStudioVersion = 17.9.34622.214
MinimumVisualStudioVersion = 10.0.40219.1
Project("{FAE04EC0-301F-11D3-BF4B-00C04F79EFBC}") = "FermatFact", "FermatFact\FermatFact.csproj", "{080400DF-D35F-48E5-9EEF-A9675D80C731}"
EndProject
Global
	GlobalSection(SolutionConfigurationPlatforms) = preSolution
		Debug|Any CPU = Debug|Any CPU
		Release|Any CPU = Release|Any CPU
	EndGlobalSection
	GlobalSection(ProjectConfigurationPlatforms) = postSolution
		{080400DF-D35F-48E5-9EEF-A9675D80C731}.Debug|Any CPU.ActiveCfg = Debug|Any CPU
		{080400DF-D35F-48E5-9EEF-A9675D80C731}.Debug|Any CPU.Build.0 = Debug|Any CPU
		{080400DF-D35F-48E5-9EEF-A9675D80C731}.Release|Any CPU.ActiveCfg = Release|Any CPU
		{080400DF-D35F-48E5-9EEF-A9675D80C731}.Release|Any CPU.Build.0 = Release|Any CPU
	EndGlobalSection
	GlobalSection(SolutionProperties) = preSolution
		HideSolutionNode = FALSE
	EndGlobalSection
	GlobalSection(ExtensibilityGlobals) = postSolution
		SolutionGuid = {977002D3-62DE-479D-9BEB-7CE8980D64B5}
	EndGlobalSection
EndGlobal
